<?xml version="1.0" encoding="UTF-8"?>
<Scheme
   LastUpgradeVersion = "0430"
   version = "1.3">
   <BuildAction
      parallelizeBuildables = "YES"
      buildImplicitDependencies = "YES">
      <BuildActionEntries>
         <BuildActionEntry
            buildForTesting = "YES"
            buildForRunning = "YES"
            buildForProfiling = "YES"
            buildForArchiving = "YES"
            buildForAnalyzing = "YES">
            <BuildableReference
               BuildableIdentifier = "primary"
               BlueprintIdentifier = "85F41EBA14971EDE0087D1A0"
               BuildableName = "&#38468;&#20013;&#26032;&#38395;.app"
               BlueprintName = "&#31227;&#21160;&#23398;&#20064;"
               ReferencedContainer = "container:&#31227;&#21160;&#23398;&#20064;.xcodeproj">
            </BuildableReference>
         </BuildActionEntry>
      </BuildActionEntries>
   </BuildAction>
   <TestAction
      selectedDebuggerIdentifier = "Xcode.DebuggerFoundation.Debugger.GDB"
      selectedLauncherIdentifier = "Xcode.DebuggerFoundation.Launcher.GDB"
      shouldUseLaunchSchemeArgsEnv = "YES"
      buildConfiguration = "Debug">
      <Testables>
         <TestableReference
            skipped = "NO">
            <BuildableReference
               BuildableIdentifier = "primary"
               BlueprintIdentifier = "85F41EDE14971EDE0087D1A0"
               BuildableName = "&#38468;&#20013;&#26032;&#38395;Tests.octest"
               BlueprintName = "&#31227;&#21160;&#23398;&#20064;Tests"
               ReferencedContainer = "container:&#31227;&#21160;&#23398;&#20064;.xcodeproj">
            </BuildableReference>
         </TestableReference>
      </Testables>
      <MacroExpansion>
         <BuildableReference
            BuildableIdentifier = "primary"
            BlueprintIdentifier = "85F41EBA14971EDE0087D1A0"
            BuildableName = "&#38468;&#20013;&#26032;&#38395;.app"
            BlueprintName = "&#31227;&#21160;&#23398;&#20064;"
            ReferencedContainer = "container:&#31227;&#21160;&#23398;&#20064;.xcodeproj">
         </BuildableReference>
      </MacroExpansion>
   </TestAction>
   <LaunchAction
      selectedDebuggerIdentifier = "Xcode.DebuggerFoundation.Debugger.LLDB"
      selectedLauncherIdentifier = "Xcode.DebuggerFoundation.Launcher.LLDB"
      launchStyle = "0"
      useCustomWorkingDirectory = "NO"
      buildConfiguration = "Debug"
      ignoresPersistentStateOnLaunch = "NO"
      debugDocumentVersioning = "YES"
      enableOpenGLFrameCaptureMode = "0"
      allowLocationSimulation = "YES">
      <BuildableProductRunnable>
         <BuildableReference
            BuildableIdentifier = "primary"
            BlueprintIdentifier = "85F41EBA14971EDE0087D1A0"
            BuildableName = "&#38468;&#20013;&#26032;&#38395;.app"
            BlueprintName = "&#31227;&#21160;&#23398;&#20064;"
            ReferencedContainer = "container:&#31227;&#21160;&#23398;&#20064;.xcodeproj">
         </BuildableReference>
      </BuildableProductRunnable>
      <AdditionalOptions>
         <AdditionalOption
            key = "NSZombieEnabled"
            value = "YES"
            isEnabled = "YES">
         </AdditionalOption>
      </AdditionalOptions>
   </LaunchAction>
   <ProfileAction
      shouldUseLaunchSchemeArgsEnv = "YES"
      savedToolIdentifier = ""
      useCustomWorkingDirectory = "NO"
      buildConfiguration = "Release"
      debugDocumentVersioning = "YES">
      <BuildableProductRunnable>
         <BuildableReference
            BuildableIdentifier = "primary"
            BlueprintIdentifier = "85F41EBA14971EDE0087D1A0"
            BuildableName = "&#38468;&#20013;&#26032;&#38395;.app"
            BlueprintName = "&#31227;&#21160;&#23398;&#20064;"
            ReferencedContainer = "container:&#31227;&#21160;&#23398;&#20064;.xcodeproj">
         </BuildableReference>
      </BuildableProductRunnable>
   </ProfileAction>
   <AnalyzeAction
      buildConfiguration = "Debug">
   </AnalyzeAction>
   <ArchiveAction
      buildConfiguration = "Release"
      revealArchiveInOrganizer = "YES">
   </ArchiveAction>
</Scheme>
